
Microsoft Visual Studio Solution File, Format Version 12.00
# Visual Studio 15
VisualStudioVersion = 15.0.28307.168
MinimumVisualStudioVersion = 10.0.40219.1
Project("{FAE04EC0-301F-11D3-BF4B-00C04F79EFBC}") = "PlayerView", "PlayerView\PlayerView.csproj", "{A9262496-F13C-4BBF-875F-52627B13346C}"
EndProject
Global
	GlobalSection(SolutionConfigurationPlatforms) = preSolution
		Debug|Any CPU = Debug|Any CPU
		Release|Any CPU = Release|Any CPU
	EndGlobalSection
	GlobalSection(ProjectConfigurationPlatforms) = postSolution
		{A9262496-F13C-4BBF-875F-52627B13346C}.Debug|Any CPU.ActiveCfg = Debug|Any CPU
		{A9262496-F13C-4BBF-875F-52627B13346C}.Debug|Any CPU.Build.0 = Debug|Any CPU
		{A9262496-F13C-4BBF-875F-52627B13346C}.Release|Any CPU.ActiveCfg = Release|Any CPU
		{A9262496-F13C-4BBF-875F-52627B13346C}.Release|Any CPU.Build.0 = Release|Any CPU
	EndGlobalSection
	GlobalSection(SolutionProperties) = preSolution
		HideSolutionNode = FALSE
	EndGlobalSection
	GlobalSection(ExtensibilityGlobals) = postSolution
		SolutionGuid = {BD79D95B-4217-4B3F-B834-8C6A7E6154ED}
	EndGlobalSection
EndGlobal
